
Microsoft Visual Studio Solution File, Format Version 12.00
# Visual Studio Version 16
VisualStudioVersion = 16.0.31410.357
MinimumVisualStudioVersion = 10.0.40219.1
Project("{FAE04EC0-301F-11D3-BF4B-00C04F79EFBC}") = "AddressBook", "AddressBook\AddressBook.csproj", "{0E2E1091-8586-4B06-B6E4-0B99FDACB3E3}"
EndProject
Global
	GlobalSection(SolutionConfigurationPlatforms) = preSolution
		Debug|Any CPU = Debug|Any CPU
		Release|Any CPU = Release|Any CPU
	EndGlobalSection
	GlobalSection(ProjectConfigurationPlatforms) = postSolution
		{0E2E1091-8586-4B06-B6E4-0B99FDACB3E3}.Debug|Any CPU.ActiveCfg = Debug|Any CPU
		{0E2E1091-8586-4B06-B6E4-0B99FDACB3E3}.Debug|Any CPU.Build.0 = Debug|Any CPU
		{0E2E1091-8586-4B06-B6E4-0B99FDACB3E3}.Release|Any CPU.ActiveCfg = Release|Any CPU
		{0E2E1091-8586-4B06-B6E4-0B99FDACB3E3}.Release|Any CPU.Build.0 = Release|Any CPU
	EndGlobalSection
	GlobalSection(SolutionProperties) = preSolution
		HideSolutionNode = FALSE
	EndGlobalSection
	GlobalSection(ExtensibilityGlobals) = postSolution
		SolutionGuid = {B4818208-AE4B-4621-8DF5-065E05C00DAA}
	EndGlobalSection
EndGlobal
